
Microsoft Visual Studio Solution File, Format Version 12.00
# Visual Studio Version 16
VisualStudioVersion = 16.0.30114.105
MinimumVisualStudioVersion = 10.0.40219.1
Project("{FAE04EC0-301F-11D3-BF4B-00C04F79EFBC}") = "Marketplace.Domain", "Marketplace.Domain\Marketplace.Domain.csproj", "{7340F1AC-27B1-480A-AAEB-BE8EE0083E1A}"
EndProject
Project("{FAE04EC0-301F-11D3-BF4B-00C04F79EFBC}") = "Marketplace.Tests", "Marketplace.Tests\Marketplace.Tests.csproj", "{DC21F722-8B5A-4B1B-A8E4-3EFBF5193428}"
EndProject
Project("{FAE04EC0-301F-11D3-BF4B-00C04F79EFBC}") = "Marketplace", "Marketplace\Marketplace.csproj", "{C26833A2-C5C2-46EC-85ED-11D0A176EA22}"
EndProject
Project("{FAE04EC0-301F-11D3-BF4B-00C04F79EFBC}") = "Marketplace.Framework", "Marketplace.Framework\Marketplace.Framework.csproj", "{EB060D48-BEE5-4770-96B5-8472ABE0E57F}"
EndProject
Global
	GlobalSection(SolutionConfigurationPlatforms) = preSolution
		Debug|Any CPU = Debug|Any CPU
		Release|Any CPU = Release|Any CPU
	EndGlobalSection
	GlobalSection(SolutionProperties) = preSolution
		HideSolutionNode = FALSE
	EndGlobalSection
	GlobalSection(ProjectConfigurationPlatforms) = postSolution
		{7340F1AC-27B1-480A-AAEB-BE8EE0083E1A}.Debug|Any CPU.ActiveCfg = Debug|Any CPU
		{7340F1AC-27B1-480A-AAEB-BE8EE0083E1A}.Debug|Any CPU.Build.0 = Debug|Any CPU
		{7340F1AC-27B1-480A-AAEB-BE8EE0083E1A}.Release|Any CPU.ActiveCfg = Release|Any CPU
		{7340F1AC-27B1-480A-AAEB-BE8EE0083E1A}.Release|Any CPU.Build.0 = Release|Any CPU
		{DC21F722-8B5A-4B1B-A8E4-3EFBF5193428}.Debug|Any CPU.ActiveCfg = Debug|Any CPU
		{DC21F722-8B5A-4B1B-A8E4-3EFBF5193428}.Debug|Any CPU.Build.0 = Debug|Any CPU
		{DC21F722-8B5A-4B1B-A8E4-3EFBF5193428}.Release|Any CPU.ActiveCfg = Release|Any CPU
		{DC21F722-8B5A-4B1B-A8E4-3EFBF5193428}.Release|Any CPU.Build.0 = Release|Any CPU
		{C26833A2-C5C2-46EC-85ED-11D0A176EA22}.Debug|Any CPU.ActiveCfg = Debug|Any CPU
		{C26833A2-C5C2-46EC-85ED-11D0A176EA22}.Debug|Any CPU.Build.0 = Debug|Any CPU
		{C26833A2-C5C2-46EC-85ED-11D0A176EA22}.Release|Any CPU.ActiveCfg = Release|Any CPU
		{C26833A2-C5C2-46EC-85ED-11D0A176EA22}.Release|Any CPU.Build.0 = Release|Any CPU
		{EB060D48-BEE5-4770-96B5-8472ABE0E57F}.Debug|Any CPU.ActiveCfg = Debug|Any CPU
		{EB060D48-BEE5-4770-96B5-8472ABE0E57F}.Debug|Any CPU.Build.0 = Debug|Any CPU
		{EB060D48-BEE5-4770-96B5-8472ABE0E57F}.Release|Any CPU.ActiveCfg = Release|Any CPU
		{EB060D48-BEE5-4770-96B5-8472ABE0E57F}.Release|Any CPU.Build.0 = Release|Any CPU
	EndGlobalSection
EndGlobal
